// !$*UTF8*$!
{
	archiveVersion = 1;
	classes = {
	};
	objectVersion = 56;
	objects = {

/* Begin PBXBuildFile section */
		52C73DE52A8CF34B00C69333 /* TTT2App.swift in Sources */ = {isa = PBXBuildFile; fileRef = 52C73DE42A8CF34B00C69333 /* TTT2App.swift */; };
		52C73DE72A8CF34B00C69333 /* ContentView.swift in Sources */ = {isa = PBXBuildFile; fileRef = 52C73DE62A8CF34B00C69333 /* ContentView.swift */; };
		52C73DE92A8CF34C00C69333 /* Assets.xcassets in Resources */ = {isa = PBXBuildFile; fileRef = 52C73DE82A8CF34C00C69333 /* Assets.xcassets */; };
		52C73DEC2A8CF34C00C69333 /* Preview Assets.xcassets in Resources */ = {isa = PBXBuildFile; fileRef = 52C73DEB2A8CF34C00C69333 /* Preview Assets.xcassets */; };
		52C73DF62A8CF34C00C69333 /* TTT2Tests.swift in Sources */ = {isa = PBXBuildFile; fileRef = 52C73DF52A8CF34C00C69333 /* TTT2Tests.swift */; };
		52C73E002A8CF34C00C69333 /* TTT2UITests.swift in Sources */ = {isa = PBXBuildFile; fileRef = 52C73DFF2A8CF34C00C69333 /* TTT2UITests.swift */; };
		52C73E022A8CF34C00C69333 /* TTT2UITestsLaunchTests.swift in Sources */ = {isa = PBXBuildFile; fileRef = 52C73E012A8CF34C00C69333 /* TTT2UITestsLaunchTests.swift */; };
/* End PBXBuildFile section */

/* Begin PBXContainerItemProxy section */
		52C73DF22A8CF34C00C69333 /* PBXContainerItemProxy */ = {
			isa = PBXContainerItemProxy;
			containerPortal = 52C73DD92A8CF34B00C69333 /* Project object */;
			proxyType = 1;
			remoteGlobalIDString = 52C73DE02A8CF34B00C69333;
			remoteInfo = TTT2;
		};
		52C73DFC2A8CF34C00C69333 /* PBXContainerItemProxy */ = {
			isa = PBXContainerItemProxy;
			containerPortal = 52C73DD92A8CF34B00C69333 /* Project object */;
			proxyType = 1;
			remoteGlobalIDString = 52C73DE02A8CF34B00C69333;
			remoteInfo = TTT2;
		};
/* End PBXContainerItemProxy section */

/* Begin PBXFileReference section */
		52C73DE12A8CF34B00C69333 /* TTT2.app */ = {isa = PBXFileReference; explicitFileType = wrapper.application; includeInIndex = 0; path = TTT2.app; sourceTree = BUILT_PRODUCTS_DIR; };
		52C73DE42A8CF34B00C69333 /* TTT2App.swift */ = {isa = PBXFileReference; lastKnownFileType = sourcecode.swift; path = TTT2App.swift; sourceTree = "<group>"; };
		52C73DE62A8CF34B00C69333 /* ContentView.swift */ = {isa = PBXFileReference; lastKnownFileType = sourcecode.swift; path = ContentView.swift; sourceTree = "<group>"; };
		52C73DE82A8CF34C00C69333 /* Assets.xcassets */ = {isa = PBXFileReference; lastKnownFileType = folder.assetcatalog; path = Assets.xcassets; sourceTree = "<group>"; };
		52C73DEB2A8CF34C00C69333 /* Preview Assets.xcassets */ = {isa = PBXFileReference; lastKnownFileType = folder.assetcatalog; path = "Preview Assets.xcassets"; sourceTree = "<group>"; };
		52C73DF12A8CF34C00C69333 /* TTT2Tests.xctest */ = {isa = PBXFileReference; explicitFileType = wrapper.cfbundle; includeInIndex = 0; path = TTT2Tests.xctest; sourceTree = BUILT_PRODUCTS_DIR; };
		52C73DF52A8CF34C00C69333 /* TTT2Tests.swift */ = {isa = PBXFileReference; lastKnownFileType = sourcecode.swift; path = TTT2Tests.swift; sourceTree = "<group>"; };
		52C73DFB2A8CF34C00C69333 /* TTT2UITests.xctest */ = {isa = PBXFileReference; explicitFileType = wrapper.cfbundle; includeInIndex = 0; path = TTT2UITests.xctest; sourceTree = BUILT_PRODUCTS_DIR; };
		52C73DFF2A8CF34C00C69333 /* TTT2UITests.swift */ = {isa = PBXFileReference; lastKnownFileType = sourcecode.swift; path = TTT2UITests.swift; sourceTree = "<group>"; };
		52C73E012A8CF34C00C69333 /* TTT2UITestsLaunchTests.swift */ = {isa = PBXFileReference; lastKnownFileType = sourcecode.swift; path = TTT2UITestsLaunchTests.swift; sourceTree = "<group>"; };
/* End PBXFileReference section */

/* Begin PBXFrameworksBuildPhase section */
		52C73DDE2A8CF34B00C69333 /* Frameworks */ = {
			isa = PBXFrameworksBuildPhase;
			buildActionMask = 2147483647;
			files = (
			);
			runOnlyForDeploymentPostprocessing = 0;
		};
		52C73DEE2A8CF34C00C69333 /* Frameworks */ = {
			isa = PBXFrameworksBuildPhase;
			buildActionMask = 2147483647;
			files = (
			);
			runOnlyForDeploymentPostprocessing = 0;
		};
		52C73DF82A8CF34C00C69333 /* Frameworks */ = {
			isa = PBXFrameworksBuildPhase;
			buildActionMask = 2147483647;
			files = (
			);
			runOnlyForDeploymentPostprocessing = 0;
		};
/* End PBXFrameworksBuildPhase section */

/* Begin PBXGroup section */
		52C73DD82A8CF34B00C69333 = {
			isa = PBXGroup;
			children = (
				52C73DE32A8CF34B00C69333 /* TTT2 */,
				52C73DF42A8CF34C00C69333 /* TTT2Tests */,
				52C73DFE2A8CF34C00C69333 /* TTT2UITests */,
				52C73DE22A8CF34B00C69333 /* Products */,
			);
			sourceTree = "<group>";
		};
		52C73DE22A8CF34B00C69333 /* Products */ = {
			isa = PBXGroup;
			children = (
				52C73DE12A8CF34B00C69333 /* TTT2.app */,
				52C73DF12A8CF34C00C69333 /* TTT2Tests.xctest */,
				52C73DFB2A8CF34C00C69333 /* TTT2UITests.xctest */,
			);
			name = Products;
			sourceTree = "<group>";
		};
		52C73DE32A8CF34B00C69333 /* TTT2 */ = {
			isa = PBXGroup;
			children = (
				52C73DE42A8CF34B00C69333 /* TTT2App.swift */,
				52C73DE62A8CF34B00C69333 /* ContentView.swift */,
				52C73DE82A8CF34C00C69333 /* Assets.xcassets */,
				52C73DEA2A8CF34C00C69333 /* Preview Content */,
			);
			path = TTT2;
			sourceTree = "<group>";
		};
		52C73DEA2A8CF34C00C69333 /* Preview Content */ = {
			isa = PBXGroup;
			children = (
				52C73DEB2A8CF34C00C69333 /* Preview Assets.xcassets */,
			);
			path = "Preview Content";
			sourceTree = "<group>";
		};
		52C73DF42A8CF34C00C69333 /* TTT2Tests */ = {
			isa = PBXGroup;
			children = (
				52C73DF52A8CF34C00C69333 /* TTT2Tests.swift */,
			);
			path = TTT2Tests;
			sourceTree = "<group>";
		};
		52C73DFE2A8CF34C00C69333 /* TTT2UITests */ = {
			isa = PBXGroup;
			children = (
				52C73DFF2A8CF34C00C69333 /* TTT2UITests.swift */,
				52C73E012A8CF34C00C69333 /* TTT2UITestsLaunchTests.swift */,
			);
			path = TTT2UITests;
			sourceTree = "<group>";
		};
/* End PBXGroup section */

/* Begin PBXNativeTarget section */
		52C73DE02A8CF34B00C69333 /* TTT2 */ = {
			isa = PBXNativeTarget;
			buildConfigurationList = 52C73E052A8CF34C00C69333 /* Build configuration list for PBXNativeTarget "TTT2" */;
			buildPhases = (
				52C73DDD2A8CF34B00C69333 /* Sources */,
				52C73DDE2A8CF34B00C69333 /* Frameworks */,
				52C73DDF2A8CF34B00C69333 /* Resources */,
			);
			buildRules = (
			);
			dependencies = (
			);
			name = TTT2;
			productName = TTT2;
			productReference = 52C73DE12A8CF34B00C69333 /* TTT2.app */;
			productType = "com.apple.product-type.application";
		};
		52C73DF02A8CF34C00C69333 /* TTT2Tests */ = {
			isa = PBXNativeTarget;
			buildConfigurationList = 52C73E082A8CF34C00C69333 /* Build configuration list for PBXNativeTarget "TTT2Tests" */;
			buildPhases = (
				52C73DED2A8CF34C00C69333 /* Sources */,
				52C73DEE2A8CF34C00C69333 /* Frameworks */,
				52C73DEF2A8CF34C00C69333 /* Resources */,
			);
			buildRules = (
			);
			dependencies = (
				52C73DF32A8CF34C00C69333 /* PBXTargetDependency */,
			);
			name = TTT2Tests;
			productName = TTT2Tests;
			productReference = 52C73DF12A8CF34C00C69333 /* TTT2Tests.xctest */;
			productType = "com.apple.product-type.bundle.unit-test";
		};
		52C73DFA2A8CF34C00C69333 /* TTT2UITests */ = {
			isa = PBXNativeTarget;
			buildConfigurationList = 52C73E0B2A8CF34C00C69333 /* Build configuration list for PBXNativeTarget "TTT2UITests" */;
			buildPhases = (
				52C73DF72A8CF34C00C69333 /* Sources */,
				52C73DF82A8CF34C00C69333 /* Frameworks */,
				52C73DF92A8CF34C00C69333 /* Resources */,
			);
			buildRules = (
			);
			dependencies = (
				52C73DFD2A8CF34C00C69333 /* PBXTargetDependency */,
			);
			name = TTT2UITests;
			productName = TTT2UITests;
			productReference = 52C73DFB2A8CF34C00C69333 /* TTT2UITests.xctest */;
			productType = "com.apple.product-type.bundle.ui-testing";
		};
/* End PBXNativeTarget section */

/* Begin PBXProject section */
		52C73DD92A8CF34B00C69333 /* Project object */ = {
			isa = PBXProject;
			attributes = {
				BuildIndependentTargetsInParallel = 1;
				LastSwiftUpdateCheck = 1430;
				LastUpgradeCheck = 1430;
				TargetAttributes = {
					52C73DE02A8CF34B00C69333 = {
						CreatedOnToolsVersion = 14.3;
					};
					52C73DF02A8CF34C00C69333 = {
						CreatedOnToolsVersion = 14.3;
						TestTargetID = 52C73DE02A8CF34B00C69333;
					};
					52C73DFA2A8CF34C00C69333 = {
						CreatedOnToolsVersion = 14.3;
						TestTargetID = 52C73DE02A8CF34B00C69333;
					};
				};
			};
			buildConfigurationList = 52C73DDC2A8CF34B00C69333 /* Build configuration list for PBXProject "TTT2" */;
			compatibilityVersion = "Xcode 14.0";
			developmentRegion = en;
			hasScannedForEncodings = 0;
			knownRegions = (
				en,
				Base,
			);
			mainGroup = 52C73DD82A8CF34B00C69333;
			productRefGroup = 52C73DE22A8CF34B00C69333 /* Products */;
			projectDirPath = "";
			projectRoot = "";
			targets = (
				52C73DE02A8CF34B00C69333 /* TTT2 */,
				52C73DF02A8CF34C00C69333 /* TTT2Tests */,
				52C73DFA2A8CF34C00C69333 /* TTT2UITests */,
			);
		};
/* End PBXProject section */

/* Begin PBXResourcesBuildPhase section */
		52C73DDF2A8CF34B00C69333 /* Resources */ = {
			isa = PBXResourcesBuildPhase;
			buildActionMask = 2147483647;
			files = (
				52C73DEC2A8CF34C00C69333 /* Preview Assets.xcassets in Resources */,
				52C73DE92A8CF34C00C69333 /* Assets.xcassets in Resources */,
			);
			runOnlyForDeploymentPostprocessing = 0;
		};
		52C73DEF2A8CF34C00C69333 /* Resources */ = {
			isa = PBXResourcesBuildPhase;
			buildActionMask = 2147483647;
			files = (
			);
			runOnlyForDeploymentPostprocessing = 0;
		};
		52C73DF92A8CF34C00C69333 /* Resources */ = {
			isa = PBXResourcesBuildPhase;
			buildActionMask = 2147483647;
			files = (
			);
			runOnlyForDeploymentPostprocessing = 0;
		};
/* End PBXResourcesBuildPhase section */

/* Begin PBXSourcesBuildPhase section */
		52C73DDD2A8CF34B00C69333 /* Sources */ = {
			isa = PBXSourcesBuildPhase;
			buildActionMask = 2147483647;
			files = (
				52C73DE72A8CF34B00C69333 /* ContentView.swift in Sources */,
				52C73DE52A8CF34B00C69333 /* TTT2App.swift in Sources */,
			);
			runOnlyForDeploymentPostprocessing = 0;
		};
		52C73DED2A8CF34C00C69333 /* Sources */ = {
			isa = PBXSourcesBuildPhase;
			buildActionMask = 2147483647;
			files = (
				52C73DF62A8CF34C00C69333 /* TTT2Tests.swift in Sources */,
			);
			runOnlyForDeploymentPostprocessing = 0;
		};
		52C73DF72A8CF34C00C69333 /* Sources */ = {
			isa = PBXSourcesBuildPhase;
			buildActionMask = 2147483647;
			files = (
				52C73E022A8CF34C00C69333 /* TTT2UITestsLaunchTests.swift in Sources */,
				52C73E002A8CF34C00C69333 /* TTT2UITests.swift in Sources */,
			);
			runOnlyForDeploymentPostprocessing = 0;
		};
/* End PBXSourcesBuildPhase section */

/* Begin PBXTargetDependency section */
		52C73DF32A8CF34C00C69333 /* PBXTargetDependency */ = {
			isa = PBXTargetDependency;
			target = 52C73DE02A8CF34B00C69333 /* TTT2 */;
			targetProxy = 52C73DF22A8CF34C00C69333 /* PBXContainerItemProxy */;
		};
		52C73DFD2A8CF34C00C69333 /* PBXTargetDependency */ = {
			isa = PBXTargetDependency;
			target = 52C73DE02A8CF34B00C69333 /* TTT2 */;
			targetProxy = 52C73DFC2A8CF34C00C69333 /* PBXContainerItemProxy */;
		};
/* End PBXTargetDependency section */

/* Begin XCBuildConfiguration section */
		52C73E032A8CF34C00C69333 /* Debug */ = {
			isa = XCBuildConfiguration;
			buildSettings = {
				ALWAYS_SEARCH_USER_PATHS = NO;
				CLANG_ANALYZER_NONNULL = YES;
				CLANG_ANALYZER_NUMBER_OBJECT_CONVERSION = YES_AGGRESSIVE;
				CLANG_CXX_LANGUAGE_STANDARD = "gnu++20";
				CLANG_ENABLE_MODULES = YES;
				CLANG_ENABLE_OBJC_ARC = YES;
				CLANG_ENABLE_OBJC_WEAK = YES;
				CLANG_WARN_BLOCK_CAPTURE_AUTORELEASING = YES;
				CLANG_WARN_BOOL_CONVERSION = YES;
				CLANG_WARN_COMMA = YES;
				CLANG_WARN_CONSTANT_CONVERSION = YES;
				CLANG_WARN_DEPRECATED_OBJC_IMPLEMENTATIONS = YES;
				CLANG_WARN_DIRECT_OBJC_ISA_USAGE = YES_ERROR;
				CLANG_WARN_DOCUMENTATION_COMMENTS = YES;
				CLANG_WARN_EMPTY_BODY = YES;
				CLANG_WARN_ENUM_CONVERSION = YES;
				CLANG_WARN_INFINITE_RECURSION = YES;
				CLANG_WARN_INT_CONVERSION = YES;
				CLANG_WARN_NON_LITERAL_NULL_CONVERSION = YES;
				CLANG_WARN_OBJC_IMPLICIT_RETAIN_SELF = YES;
				CLANG_WARN_OBJC_LITERAL_CONVERSION = YES;
				CLANG_WARN_OBJC_ROOT_CLASS = YES_ERROR;
				CLANG_WARN_QUOTED_INCLUDE_IN_FRAMEWORK_HEADER = YES;
				CLANG_WARN_RANGE_LOOP_ANALYSIS = YES;
				CLANG_WARN_STRICT_PROTOTYPES = YES;
				CLANG_WARN_SUSPICIOUS_MOVE = YES;
				CLANG_WARN_UNGUARDED_AVAILABILITY = YES_AGGRESSIVE;
				CLANG_WARN_UNREACHABLE_CODE = YES;
				CLANG_WARN__DUPLICATE_METHOD_MATCH = YES;
				COPY_PHASE_STRIP = NO;
				DEBUG_INFORMATION_FORMAT = dwarf;
				ENABLE_STRICT_OBJC_MSGSEND = YES;
				ENABLE_TESTABILITY = YES;
				GCC_C_LANGUAGE_STANDARD = gnu11;
				GCC_DYNAMIC_NO_PIC = NO;
				GCC_NO_COMMON_BLOCKS = YES;
				GCC_OPTIMIZATION_LEVEL = 0;
				GCC_PREPROCESSOR_DEFINITIONS = (
					"DEBUG=1",
					"$(inherited)",
				);
				GCC_WARN_64_TO_32_BIT_CONVERSION = YES;
				GCC_WARN_ABOUT_RETURN_TYPE = YES_ERROR;
				GCC_WARN_UNDECLARED_SELECTOR = YES;
				GCC_WARN_UNINITIALIZED_AUTOS = YES_AGGRESSIVE;
				GCC_WARN_UNUSED_FUNCTION = YES;
				GCC_WARN_UNUSED_VARIABLE = YES;
				IPHONEOS_DEPLOYMENT_TARGET = 16.4;
				MTL_ENABLE_DEBUG_INFO = INCLUDE_SOURCE;
				MTL_FAST_MATH = YES;
				ONLY_ACTIVE_ARCH = YES;
				SDKROOT = iphoneos;
				SWIFT_ACTIVE_COMPILATION_CONDITIONS = DEBUG;
				SWIFT_OPTIMIZATION_LEVEL = "-Onone";
			};
			name = Debug;
		};
		52C73E042A8CF34C00C69333 /* Release */ = {
			isa = XCBuildConfiguration;
			buildSettings = {
				ALWAYS_SEARCH_USER_PATHS = NO;
				CLANG_ANALYZER_NONNULL = YES;
				CLANG_ANALYZER_NUMBER_OBJECT_CONVERSION = YES_AGGRESSIVE;
				CLANG_CXX_LANGUAGE_STANDARD = "gnu++20";
				CLANG_ENABLE_MODULES = YES;
				CLANG_ENABLE_OBJC_ARC = YES;
				CLANG_ENABLE_OBJC_WEAK = YES;
				CLANG_WARN_BLOCK_CAPTURE_AUTORELEASING = YES;
				CLANG_WARN_BOOL_CONVERSION = YES;
				CLANG_WARN_COMMA = YES;
				CLANG_WARN_CONSTANT_CONVERSION = YES;
				CLANG_WARN_DEPRECATED_OBJC_IMPLEMENTATIONS = YES;
				CLANG_WARN_DIRECT_OBJC_ISA_USAGE = YES_ERROR;
				CLANG_WARN_DOCUMENTATION_COMMENTS = YES;
				CLANG_WARN_EMPTY_BODY = YES;
				CLANG_WARN_ENUM_CONVERSION = YES;
				CLANG_WARN_INFINITE_RECURSION = YES;
				CLANG_WARN_INT_CONVERSION = YES;
				CLANG_WARN_NON_LITERAL_NULL_CONVERSION = YES;
				CLANG_WARN_OBJC_IMPLICIT_RETAIN_SELF = YES;
				CLANG_WARN_OBJC_LITERAL_CONVERSION = YES;
				CLANG_WARN_OBJC_ROOT_CLASS = YES_ERROR;
				CLANG_WARN_QUOTED_INCLUDE_IN_FRAMEWORK_HEADER = YES;
				CLANG_WARN_RANGE_LOOP_ANALYSIS = YES;
				CLANG_WARN_STRICT_PROTOTYPES = YES;
				CLANG_WARN_SUSPICIOUS_MOVE = YES;
				CLANG_WARN_UNGUARDED_AVAILABILITY = YES_AGGRESSIVE;
				CLANG_WARN_UNREACHABLE_CODE = YES;
				CLANG_WARN__DUPLICATE_METHOD_MATCH = YES;
				COPY_PHASE_STRIP = NO;
				DEBUG_INFORMATION_FORMAT = "dwarf-with-dsym";
				ENABLE_NS_ASSERTIONS = NO;
				ENABLE_STRICT_OBJC_MSGSEND = YES;
				GCC_C_LANGUAGE_STANDARD = gnu11;
				GCC_NO_COMMON_BLOCKS = YES;
				GCC_WARN_64_TO_32_BIT_CONVERSION = YES;
				GCC_WARN_ABOUT_RETURN_TYPE = YES_ERROR;
				GCC_WARN_UNDECLARED_SELECTOR = YES;
				GCC_WARN_UNINITIALIZED_AUTOS = YES_AGGRESSIVE;
				GCC_WARN_UNUSED_FUNCTION = YES;
				GCC_WARN_UNUSED_VARIABLE = YES;
				IPHONEOS_DEPLOYMENT_TARGET = 16.4;
				MTL_ENABLE_DEBUG_INFO = NO;
				MTL_FAST_MATH = YES;
				SDKROOT = iphoneos;
				SWIFT_COMPILATION_MODE = wholemodule;
				SWIFT_OPTIMIZATION_LEVEL = "-O";
				VALIDATE_PRODUCT = YES;
			};
			name = Release;
		};
		52C73E062A8CF34C00C69333 /* Debug */ = {
			isa = XCBuildConfiguration;
			buildSettings = {
				ASSETCATALOG_COMPILER_APPICON_NAME = AppIcon;
				ASSETCATALOG_COMPILER_GLOBAL_ACCENT_COLOR_NAME = AccentColor;
				CODE_SIGN_STYLE = Automatic;
				CURRENT_PROJECT_VERSION = 1;
				DEVELOPMENT_ASSET_PATHS = "\"TTT2/Preview Content\"";
				DEVELOPMENT_TEAM = QZ46JW4C9U;
				ENABLE_PREVIEWS = YES;
				GENERATE_INFOPLIST_FILE = YES;
				INFOPLIST_KEY_UIApplicationSceneManifest_Generation = YES;
				INFOPLIST_KEY_UIApplicationSupportsIndirectInputEvents = YES;
				INFOPLIST_KEY_UILaunchScreen_Generation = YES;
				INFOPLIST_KEY_UISupportedInterfaceOrientations_iPad = "UIInterfaceOrientationPortrait UIInterfaceOrientationPortraitUpsideDown UIInterfaceOrientationLandscapeLeft UIInterfaceOrientationLandscapeRight";
				INFOPLIST_KEY_UISupportedInterfaceOrientations_iPhone = "UIInterfaceOrientationPortrait UIInterfaceOrientationLandscapeLeft UIInterfaceOrientationLandscapeRight";
				LD_RUNPATH_SEARCH_PATHS = (
					"$(inherited)",
					"@executable_path/Frameworks",
				);
				MARKETING_VERSION = 1.0;
				PRODUCT_BUNDLE_IDENTIFIER = top.maciejcan.TTT2;
				PRODUCT_NAME = "$(TARGET_NAME)";
				SWIFT_EMIT_LOC_STRINGS = YES;
				SWIFT_VERSION = 5.0;
				TARGETED_DEVICE_FAMILY = "1,2";
			};
			name = Debug;
		};
		52C73E072A8CF34C00C69333 /* Release */ = {
			isa = XCBuildConfiguration;
			buildSettings = {
				ASSETCATALOG_COMPILER_APPICON_NAME = AppIcon;
				ASSETCATALOG_COMPILER_GLOBAL_ACCENT_COLOR_NAME = AccentColor;
				CODE_SIGN_STYLE = Automatic;
				CURRENT_PROJECT_VERSION = 1;
				DEVELOPMENT_ASSET_PATHS = "\"TTT2/Preview Content\"";
				DEVELOPMENT_TEAM = QZ46JW4C9U;
				ENABLE_PREVIEWS = YES;
				GENERATE_INFOPLIST_FILE = YES;
				INFOPLIST_KEY_UIApplicationSceneManifest_Generation = YES;
				INFOPLIST_KEY_UIApplicationSupportsIndirectInputEvents = YES;
				INFOPLIST_KEY_UILaunchScreen_Generation = YES;
				INFOPLIST_KEY_UISupportedInterfaceOrientations_iPad = "UIInterfaceOrientationPortrait UIInterfaceOrientationPortraitUpsideDown UIInterfaceOrientationLandscapeLeft UIInterfaceOrientationLandscapeRight";
				INFOPLIST_KEY_UISupportedInterfaceOrientations_iPhone = "UIInterfaceOrientationPortrait UIInterfaceOrientationLandscapeLeft UIInterfaceOrientationLandscapeRight";
				LD_RUNPATH_SEARCH_PATHS = (
					"$(inherited)",
					"@executable_path/Frameworks",
				);
				MARKETING_VERSION = 1.0;
				PRODUCT_BUNDLE_IDENTIFIER = top.maciejcan.TTT2;
				PRODUCT_NAME = "$(TARGET_NAME)";
				SWIFT_EMIT_LOC_STRINGS = YES;
				SWIFT_VERSION = 5.0;
				TARGETED_DEVICE_FAMILY = "1,2";
			};
			name = Release;
		};
		52C73E092A8CF34C00C69333 /* Debug */ = {
			isa = XCBuildConfiguration;
			buildSettings = {
				ALWAYS_EMBED_SWIFT_STANDARD_LIBRARIES = YES;
				BUNDLE_LOADER = "$(TEST_HOST)";
				CODE_SIGN_STYLE = Automatic;
				CURRENT_PROJECT_VERSION = 1;
				DEVELOPMENT_TEAM = QZ46JW4C9U;
				GENERATE_INFOPLIST_FILE = YES;
				IPHONEOS_DEPLOYMENT_TARGET = 16.4;
				MARKETING_VERSION = 1.0;
				PRODUCT_BUNDLE_IDENTIFIER = top.maciejcan.TTT2Tests;
				PRODUCT_NAME = "$(TARGET_NAME)";
				SWIFT_EMIT_LOC_STRINGS = NO;
				SWIFT_VERSION = 5.0;
				TARGETED_DEVICE_FAMILY = "1,2";
				TEST_HOST = "$(BUILT_PRODUCTS_DIR)/TTT2.app/$(BUNDLE_EXECUTABLE_FOLDER_PATH)/TTT2";
			};
			name = Debug;
		};
		52C73E0A2A8CF34C00C69333 /* Release */ = {
			isa = XCBuildConfiguration;
			buildSettings = {
				ALWAYS_EMBED_SWIFT_STANDARD_LIBRARIES = YES;
				BUNDLE_LOADER = "$(TEST_HOST)";
				CODE_SIGN_STYLE = Automatic;
				CURRENT_PROJECT_VERSION = 1;
				DEVELOPMENT_TEAM = QZ46JW4C9U;
				GENERATE_INFOPLIST_FILE = YES;
				IPHONEOS_DEPLOYMENT_TARGET = 16.4;
				MARKETING_VERSION = 1.0;
				PRODUCT_BUNDLE_IDENTIFIER = top.maciejcan.TTT2Tests;
				PRODUCT_NAME = "$(TARGET_NAME)";
				SWIFT_EMIT_LOC_STRINGS = NO;
				SWIFT_VERSION = 5.0;
				TARGETED_DEVICE_FAMILY = "1,2";
				TEST_HOST = "$(BUILT_PRODUCTS_DIR)/TTT2.app/$(BUNDLE_EXECUTABLE_FOLDER_PATH)/TTT2";
			};
			name = Release;
		};
		52C73E0C2A8CF34C00C69333 /* Debug */ = {
			isa = XCBuildConfiguration;
			buildSettings = {
				ALWAYS_EMBED_SWIFT_STANDARD_LIBRARIES = YES;
				CODE_SIGN_STYLE = Automatic;
				CURRENT_PROJECT_VERSION = 1;
				DEVELOPMENT_TEAM = QZ46JW4C9U;
				GENERATE_INFOPLIST_FILE = YES;
				MARKETING_VERSION = 1.0;
				PRODUCT_BUNDLE_IDENTIFIER = top.maciejcan.TTT2UITests;
				PRODUCT_NAME = "$(TARGET_NAME)";
				SWIFT_EMIT_LOC_STRINGS = NO;
				SWIFT_VERSION = 5.0;
				TARGETED_DEVICE_FAMILY = "1,2";
				TEST_TARGET_NAME = TTT2;
			};
			name = Debug;
		};
		52C73E0D2A8CF34C00C69333 /* Release */ = {
			isa = XCBuildConfiguration;
			buildSettings = {
				ALWAYS_EMBED_SWIFT_STANDARD_LIBRARIES = YES;
				CODE_SIGN_STYLE = Automatic;
				CURRENT_PROJECT_VERSION = 1;
				DEVELOPMENT_TEAM = QZ46JW4C9U;
				GENERATE_INFOPLIST_FILE = YES;
				MARKETING_VERSION = 1.0;
				PRODUCT_BUNDLE_IDENTIFIER = top.maciejcan.TTT2UITests;
				PRODUCT_NAME = "$(TARGET_NAME)";
				SWIFT_EMIT_LOC_STRINGS = NO;
				SWIFT_VERSION = 5.0;
				TARGETED_DEVICE_FAMILY = "1,2";
				TEST_TARGET_NAME = TTT2;
			};
			name = Release;
		};
/* End XCBuildConfiguration section */

/* Begin XCConfigurationList section */
		52C73DDC2A8CF34B00C69333 /* Build configuration list for PBXProject "TTT2" */ = {
			isa = XCConfigurationList;
			buildConfigurations = (
				52C73E032A8CF34C00C69333 /* Debug */,
				52C73E042A8CF34C00C69333 /* Release */,
			);
			defaultConfigurationIsVisible = 0;
			defaultConfigurationName = Release;
		};
		52C73E052A8CF34C00C69333 /* Build configuration list for PBXNativeTarget "TTT2" */ = {
			isa = XCConfigurationList;
			buildConfigurations = (
				52C73E062A8CF34C00C69333 /* Debug */,
				52C73E072A8CF34C00C69333 /* Release */,
			);
			defaultConfigurationIsVisible = 0;
			defaultConfigurationName = Release;
		};
		52C73E082A8CF34C00C69333 /* Build configuration list for PBXNativeTarget "TTT2Tests" */ = {
			isa = XCConfigurationList;
			buildConfigurations = (
				52C73E092A8CF34C00C69333 /* Debug */,
				52C73E0A2A8CF34C00C69333 /* Release */,
			);
			defaultConfigurationIsVisible = 0;
			defaultConfigurationName = Release;
		};
		52C73E0B2A8CF34C00C69333 /* Build configuration list for PBXNativeTarget "TTT2UITests" */ = {
			isa = XCConfigurationList;
			buildConfigurations = (
				52C73E0C2A8CF34C00C69333 /* Debug */,
				52C73E0D2A8CF34C00C69333 /* Release */,
			);
			defaultConfigurationIsVisible = 0;
			defaultConfigurationName = Release;
		};
/* End XCConfigurationList section */
	};
	rootObject = 52C73DD92A8CF34B00C69333 /* Project object */;
}
