// !$*UTF8*$!
{
	archiveVersion = 1;
	classes = {
	};
	objectVersion = 56;
	objects = {

/* Begin PBXBuildFile section */
		523D830A2A90F47000C05926 /* AlertItem.swift in Sources */ = {isa = PBXBuildFile; fileRef = 523D83092A90F47000C05926 /* AlertItem.swift */; };
		523D830C2A90F5A700C05926 /* GameState.swift in Sources */ = {isa = PBXBuildFile; fileRef = 523D830B2A90F5A700C05926 /* GameState.swift */; };
		523D83102A9187D900C05926 /* GameOnline.swift in Sources */ = {isa = PBXBuildFile; fileRef = 523D830F2A9187D900C05926 /* GameOnline.swift */; };
		523D83122A91891A00C05926 /* GoogleService-Info.plist in Resources */ = {isa = PBXBuildFile; fileRef = 523D83112A91891A00C05926 /* GoogleService-Info.plist */; };
		523D83152A918AAB00C05926 /* FirebaseFirestore in Frameworks */ = {isa = PBXBuildFile; productRef = 523D83142A918AAB00C05926 /* FirebaseFirestore */; };
		523D83172A918AAB00C05926 /* FirebaseFirestoreSwift in Frameworks */ = {isa = PBXBuildFile; productRef = 523D83162A918AAB00C05926 /* FirebaseFirestoreSwift */; };
		523D83192A918BA400C05926 /* FirebaseCollectionRef.swift in Sources */ = {isa = PBXBuildFile; fileRef = 523D83182A918BA400C05926 /* FirebaseCollectionRef.swift */; };
		523D831B2A918CAE00C05926 /* FirebaseRepository.swift in Sources */ = {isa = PBXBuildFile; fileRef = 523D831A2A918CAE00C05926 /* FirebaseRepository.swift */; };
		523D831D2A9194C900C05926 /* AppError.swift in Sources */ = {isa = PBXBuildFile; fileRef = 523D831C2A9194C900C05926 /* AppError.swift */; };
		523D831F2A91964400C05926 /* OnlineGameRepository.swift in Sources */ = {isa = PBXBuildFile; fileRef = 523D831E2A91964400C05926 /* OnlineGameRepository.swift */; };
		528AADD32A9976FB005D1D3E /* FirebaseFirestoreSwift in Frameworks */ = {isa = PBXBuildFile; productRef = 528AADD22A9976FB005D1D3E /* FirebaseFirestoreSwift */; };
		528AADD52A99861A005D1D3E /* MockFirebaseRepository.swift in Sources */ = {isa = PBXBuildFile; fileRef = 528AADD42A99861A005D1D3E /* MockFirebaseRepository.swift */; };
		528AADD72A9987DA005D1D3E /* FactorySetup.swift in Sources */ = {isa = PBXBuildFile; fileRef = 528AADD62A9987DA005D1D3E /* FactorySetup.swift */; };
		528AADD92A998865005D1D3E /* OnlineGameTests.swift in Sources */ = {isa = PBXBuildFile; fileRef = 528AADD82A998865005D1D3E /* OnlineGameTests.swift */; };
		52A399422A922666006ACE63 /* Factory in Frameworks */ = {isa = PBXBuildFile; productRef = 52A399412A922666006ACE63 /* Factory */; };
		52A399442A9226D0006ACE63 /* ServiceDependencies.swift in Sources */ = {isa = PBXBuildFile; fileRef = 52A399432A9226D0006ACE63 /* ServiceDependencies.swift */; };
		52A399462A925F17006ACE63 /* GameOnlineProcess.swift in Sources */ = {isa = PBXBuildFile; fileRef = 52A399452A925F17006ACE63 /* GameOnlineProcess.swift */; };
		52A9E42C2A8ED51C00414E8D /* BoardIndicatorView.swift in Sources */ = {isa = PBXBuildFile; fileRef = 52A9E42B2A8ED51C00414E8D /* BoardIndicatorView.swift */; };
		52A9E42E2A8EDA6C00414E8D /* Player.swift in Sources */ = {isa = PBXBuildFile; fileRef = 52A9E42D2A8EDA6C00414E8D /* Player.swift */; };
		52A9E4302A8EE2FF00414E8D /* GameMove.swift in Sources */ = {isa = PBXBuildFile; fileRef = 52A9E42F2A8EE2FF00414E8D /* GameMove.swift */; };
		52C73DE52A8CF34B00C69333 /* TTT2App.swift in Sources */ = {isa = PBXBuildFile; fileRef = 52C73DE42A8CF34B00C69333 /* TTT2App.swift */; };
		52C73DE72A8CF34B00C69333 /* HomeView.swift in Sources */ = {isa = PBXBuildFile; fileRef = 52C73DE62A8CF34B00C69333 /* HomeView.swift */; };
		52C73DE92A8CF34C00C69333 /* Assets.xcassets in Resources */ = {isa = PBXBuildFile; fileRef = 52C73DE82A8CF34C00C69333 /* Assets.xcassets */; };
		52C73DEC2A8CF34C00C69333 /* Preview Assets.xcassets in Resources */ = {isa = PBXBuildFile; fileRef = 52C73DEB2A8CF34C00C69333 /* Preview Assets.xcassets */; };
		52C73DF62A8CF34C00C69333 /* GameViewModelTests.swift in Sources */ = {isa = PBXBuildFile; fileRef = 52C73DF52A8CF34C00C69333 /* GameViewModelTests.swift */; };
		52C73E112A8CF8CC00C69333 /* WideButton.swift in Sources */ = {isa = PBXBuildFile; fileRef = 52C73E102A8CF8CC00C69333 /* WideButton.swift */; };
		52C73E142A8CFB4300C69333 /* Image+Extension.swift in Sources */ = {isa = PBXBuildFile; fileRef = 52C73E132A8CFB4300C69333 /* Image+Extension.swift */; };
		52C73E1A2A8D01CE00C69333 /* GameView.swift in Sources */ = {isa = PBXBuildFile; fileRef = 52C73E192A8D01CE00C69333 /* GameView.swift */; };
		52C73E1D2A8D020500C69333 /* GameMode.swift in Sources */ = {isa = PBXBuildFile; fileRef = 52C73E1C2A8D020500C69333 /* GameMode.swift */; };
		52C73E242A8D296D00C69333 /* GameViewModel.swift in Sources */ = {isa = PBXBuildFile; fileRef = 52C73E232A8D296D00C69333 /* GameViewModel.swift */; };
/* End PBXBuildFile section */

/* Begin PBXContainerItemProxy section */
		52C73DF22A8CF34C00C69333 /* PBXContainerItemProxy */ = {
			isa = PBXContainerItemProxy;
			containerPortal = 52C73DD92A8CF34B00C69333 /* Project object */;
			proxyType = 1;
			remoteGlobalIDString = 52C73DE02A8CF34B00C69333;
			remoteInfo = TTT2;
		};
/* End PBXContainerItemProxy section */

/* Begin PBXFileReference section */
		523D83092A90F47000C05926 /* AlertItem.swift */ = {isa = PBXFileReference; lastKnownFileType = sourcecode.swift; path = AlertItem.swift; sourceTree = "<group>"; };
		523D830B2A90F5A700C05926 /* GameState.swift */ = {isa = PBXFileReference; lastKnownFileType = sourcecode.swift; path = GameState.swift; sourceTree = "<group>"; };
		523D830F2A9187D900C05926 /* GameOnline.swift */ = {isa = PBXFileReference; lastKnownFileType = sourcecode.swift; path = GameOnline.swift; sourceTree = "<group>"; };
		523D83112A91891A00C05926 /* GoogleService-Info.plist */ = {isa = PBXFileReference; fileEncoding = 4; lastKnownFileType = text.plist.xml; path = "GoogleService-Info.plist"; sourceTree = "<group>"; };
		523D83182A918BA400C05926 /* FirebaseCollectionRef.swift */ = {isa = PBXFileReference; lastKnownFileType = sourcecode.swift; path = FirebaseCollectionRef.swift; sourceTree = "<group>"; };
		523D831A2A918CAE00C05926 /* FirebaseRepository.swift */ = {isa = PBXFileReference; lastKnownFileType = sourcecode.swift; path = FirebaseRepository.swift; sourceTree = "<group>"; };
		523D831C2A9194C900C05926 /* AppError.swift */ = {isa = PBXFileReference; lastKnownFileType = sourcecode.swift; path = AppError.swift; sourceTree = "<group>"; };
		523D831E2A91964400C05926 /* OnlineGameRepository.swift */ = {isa = PBXFileReference; lastKnownFileType = sourcecode.swift; path = OnlineGameRepository.swift; sourceTree = "<group>"; };
		528AADD42A99861A005D1D3E /* MockFirebaseRepository.swift */ = {isa = PBXFileReference; lastKnownFileType = sourcecode.swift; path = MockFirebaseRepository.swift; sourceTree = "<group>"; };
		528AADD62A9987DA005D1D3E /* FactorySetup.swift */ = {isa = PBXFileReference; lastKnownFileType = sourcecode.swift; path = FactorySetup.swift; sourceTree = "<group>"; };
		528AADD82A998865005D1D3E /* OnlineGameTests.swift */ = {isa = PBXFileReference; lastKnownFileType = sourcecode.swift; path = OnlineGameTests.swift; sourceTree = "<group>"; };
		52A399432A9226D0006ACE63 /* ServiceDependencies.swift */ = {isa = PBXFileReference; lastKnownFileType = sourcecode.swift; path = ServiceDependencies.swift; sourceTree = "<group>"; };
		52A399452A925F17006ACE63 /* GameOnlineProcess.swift */ = {isa = PBXFileReference; lastKnownFileType = sourcecode.swift; path = GameOnlineProcess.swift; sourceTree = "<group>"; };
		52A9E42B2A8ED51C00414E8D /* BoardIndicatorView.swift */ = {isa = PBXFileReference; lastKnownFileType = sourcecode.swift; path = BoardIndicatorView.swift; sourceTree = "<group>"; };
		52A9E42D2A8EDA6C00414E8D /* Player.swift */ = {isa = PBXFileReference; lastKnownFileType = sourcecode.swift; path = Player.swift; sourceTree = "<group>"; };
		52A9E42F2A8EE2FF00414E8D /* GameMove.swift */ = {isa = PBXFileReference; lastKnownFileType = sourcecode.swift; path = GameMove.swift; sourceTree = "<group>"; };
		52C73DE12A8CF34B00C69333 /* TTT2.app */ = {isa = PBXFileReference; explicitFileType = wrapper.application; includeInIndex = 0; path = TTT2.app; sourceTree = BUILT_PRODUCTS_DIR; };
		52C73DE42A8CF34B00C69333 /* TTT2App.swift */ = {isa = PBXFileReference; lastKnownFileType = sourcecode.swift; path = TTT2App.swift; sourceTree = "<group>"; };
		52C73DE62A8CF34B00C69333 /* HomeView.swift */ = {isa = PBXFileReference; lastKnownFileType = sourcecode.swift; path = HomeView.swift; sourceTree = "<group>"; };
		52C73DE82A8CF34C00C69333 /* Assets.xcassets */ = {isa = PBXFileReference; lastKnownFileType = folder.assetcatalog; path = Assets.xcassets; sourceTree = "<group>"; };
		52C73DEB2A8CF34C00C69333 /* Preview Assets.xcassets */ = {isa = PBXFileReference; lastKnownFileType = folder.assetcatalog; path = "Preview Assets.xcassets"; sourceTree = "<group>"; };
		52C73DF12A8CF34C00C69333 /* TTT2Tests.xctest */ = {isa = PBXFileReference; explicitFileType = wrapper.cfbundle; includeInIndex = 0; path = TTT2Tests.xctest; sourceTree = BUILT_PRODUCTS_DIR; };
		52C73DF52A8CF34C00C69333 /* GameViewModelTests.swift */ = {isa = PBXFileReference; lastKnownFileType = sourcecode.swift; path = GameViewModelTests.swift; sourceTree = "<group>"; };
		52C73E102A8CF8CC00C69333 /* WideButton.swift */ = {isa = PBXFileReference; lastKnownFileType = sourcecode.swift; path = WideButton.swift; sourceTree = "<group>"; };
		52C73E132A8CFB4300C69333 /* Image+Extension.swift */ = {isa = PBXFileReference; lastKnownFileType = sourcecode.swift; path = "Image+Extension.swift"; sourceTree = "<group>"; };
		52C73E192A8D01CE00C69333 /* GameView.swift */ = {isa = PBXFileReference; lastKnownFileType = sourcecode.swift; path = GameView.swift; sourceTree = "<group>"; };
		52C73E1C2A8D020500C69333 /* GameMode.swift */ = {isa = PBXFileReference; lastKnownFileType = sourcecode.swift; path = GameMode.swift; sourceTree = "<group>"; };
		52C73E232A8D296D00C69333 /* GameViewModel.swift */ = {isa = PBXFileReference; lastKnownFileType = sourcecode.swift; path = GameViewModel.swift; sourceTree = "<group>"; };
		52F4D1AC2A99964F004483D0 /* TTT2.xctestplan */ = {isa = PBXFileReference; lastKnownFileType = text; path = TTT2.xctestplan; sourceTree = "<group>"; };
/* End PBXFileReference section */

/* Begin PBXFrameworksBuildPhase section */
		52C73DDE2A8CF34B00C69333 /* Frameworks */ = {
			isa = PBXFrameworksBuildPhase;
			buildActionMask = 2147483647;
			files = (
				52A399422A922666006ACE63 /* Factory in Frameworks */,
				523D83152A918AAB00C05926 /* FirebaseFirestore in Frameworks */,
				523D83172A918AAB00C05926 /* FirebaseFirestoreSwift in Frameworks */,
			);
			runOnlyForDeploymentPostprocessing = 0;
		};
		52C73DEE2A8CF34C00C69333 /* Frameworks */ = {
			isa = PBXFrameworksBuildPhase;
			buildActionMask = 2147483647;
			files = (
				528AADD32A9976FB005D1D3E /* FirebaseFirestoreSwift in Frameworks */,
			);
			runOnlyForDeploymentPostprocessing = 0;
		};
/* End PBXFrameworksBuildPhase section */

/* Begin PBXGroup section */
		520F8C252A99763D00172E4C /* Frameworks */ = {
			isa = PBXGroup;
			children = (
			);
			name = Frameworks;
			sourceTree = "<group>";
		};
		52C73DD82A8CF34B00C69333 = {
			isa = PBXGroup;
			children = (
				52C73DE32A8CF34B00C69333 /* TTT2 */,
				52C73DF42A8CF34C00C69333 /* TTT2Tests */,
				52C73DE22A8CF34B00C69333 /* Products */,
				520F8C252A99763D00172E4C /* Frameworks */,
				52F4D1AC2A99964F004483D0 /* TTT2.xctestplan */,
			);
			sourceTree = "<group>";
		};
		52C73DE22A8CF34B00C69333 /* Products */ = {
			isa = PBXGroup;
			children = (
				52C73DE12A8CF34B00C69333 /* TTT2.app */,
				52C73DF12A8CF34C00C69333 /* TTT2Tests.xctest */,
			);
			name = Products;
			sourceTree = "<group>";
		};
		52C73DE32A8CF34B00C69333 /* TTT2 */ = {
			isa = PBXGroup;
			children = (
				52C73E1E2A8D294D00C69333 /* App */,
				52C73E1F2A8D295000C69333 /* Main */,
				52F4D1AD2A99971F004483D0 /* Service */,
				52C73E0F2A8CF8BB00C69333 /* Components */,
				52C73E1B2A8D01EB00C69333 /* Model */,
				52C73E122A8CFB2700C69333 /* Utils */,
				52C73DEA2A8CF34C00C69333 /* Preview Content */,
				52C73DE82A8CF34C00C69333 /* Assets.xcassets */,
				523D83112A91891A00C05926 /* GoogleService-Info.plist */,
			);
			path = TTT2;
			sourceTree = "<group>";
		};
		52C73DEA2A8CF34C00C69333 /* Preview Content */ = {
			isa = PBXGroup;
			children = (
				52C73DEB2A8CF34C00C69333 /* Preview Assets.xcassets */,
			);
			path = "Preview Content";
			sourceTree = "<group>";
		};
		52C73DF42A8CF34C00C69333 /* TTT2Tests */ = {
			isa = PBXGroup;
			children = (
				528AADD62A9987DA005D1D3E /* FactorySetup.swift */,
				52C73DF52A8CF34C00C69333 /* GameViewModelTests.swift */,
				528AADD82A998865005D1D3E /* OnlineGameTests.swift */,
			);
			path = TTT2Tests;
			sourceTree = "<group>";
		};
		52C73E0F2A8CF8BB00C69333 /* Components */ = {
			isa = PBXGroup;
			children = (
				52C73E102A8CF8CC00C69333 /* WideButton.swift */,
				52A9E42B2A8ED51C00414E8D /* BoardIndicatorView.swift */,
			);
			path = Components;
			sourceTree = "<group>";
		};
		52C73E122A8CFB2700C69333 /* Utils */ = {
			isa = PBXGroup;
			children = (
				52C73E132A8CFB4300C69333 /* Image+Extension.swift */,
			);
			path = Utils;
			sourceTree = "<group>";
		};
		52C73E1B2A8D01EB00C69333 /* Model */ = {
			isa = PBXGroup;
			children = (
				52A9E42D2A8EDA6C00414E8D /* Player.swift */,
				52C73E1C2A8D020500C69333 /* GameMode.swift */,
				52A9E42F2A8EE2FF00414E8D /* GameMove.swift */,
				523D830B2A90F5A700C05926 /* GameState.swift */,
				523D830F2A9187D900C05926 /* GameOnline.swift */,
				52A399452A925F17006ACE63 /* GameOnlineProcess.swift */,
				523D83092A90F47000C05926 /* AlertItem.swift */,
				523D831C2A9194C900C05926 /* AppError.swift */,
			);
			path = Model;
			sourceTree = "<group>";
		};
		52C73E1E2A8D294D00C69333 /* App */ = {
			isa = PBXGroup;
			children = (
				52C73DE42A8CF34B00C69333 /* TTT2App.swift */,
			);
			path = App;
			sourceTree = "<group>";
		};
		52C73E1F2A8D295000C69333 /* Main */ = {
			isa = PBXGroup;
			children = (
				52C73E202A8D295900C69333 /* Home */,
				52C73E212A8D295C00C69333 /* Game */,
			);
			path = Main;
			sourceTree = "<group>";
		};
		52C73E202A8D295900C69333 /* Home */ = {
			isa = PBXGroup;
			children = (
				52C73DE62A8CF34B00C69333 /* HomeView.swift */,
			);
			path = Home;
			sourceTree = "<group>";
		};
		52C73E212A8D295C00C69333 /* Game */ = {
			isa = PBXGroup;
			children = (
				52C73E192A8D01CE00C69333 /* GameView.swift */,
				52C73E232A8D296D00C69333 /* GameViewModel.swift */,
			);
			path = Game;
			sourceTree = "<group>";
		};
		52F4D1AD2A99971F004483D0 /* Service */ = {
			isa = PBXGroup;
			children = (
				523D831E2A91964400C05926 /* OnlineGameRepository.swift */,
				52A399432A9226D0006ACE63 /* ServiceDependencies.swift */,
				523D83182A918BA400C05926 /* FirebaseCollectionRef.swift */,
				523D831A2A918CAE00C05926 /* FirebaseRepository.swift */,
				528AADD42A99861A005D1D3E /* MockFirebaseRepository.swift */,
			);
			path = Service;
			sourceTree = "<group>";
		};
/* End PBXGroup section */

/* Begin PBXNativeTarget section */
		52C73DE02A8CF34B00C69333 /* TTT2 */ = {
			isa = PBXNativeTarget;
			buildConfigurationList = 52C73E052A8CF34C00C69333 /* Build configuration list for PBXNativeTarget "TTT2" */;
			buildPhases = (
				52C73DDD2A8CF34B00C69333 /* Sources */,
				52C73DDE2A8CF34B00C69333 /* Frameworks */,
				52C73DDF2A8CF34B00C69333 /* Resources */,
			);
			buildRules = (
			);
			dependencies = (
			);
			name = TTT2;
			packageProductDependencies = (
				523D83142A918AAB00C05926 /* FirebaseFirestore */,
				523D83162A918AAB00C05926 /* FirebaseFirestoreSwift */,
				52A399412A922666006ACE63 /* Factory */,
			);
			productName = TTT2;
			productReference = 52C73DE12A8CF34B00C69333 /* TTT2.app */;
			productType = "com.apple.product-type.application";
		};
		52C73DF02A8CF34C00C69333 /* TTT2Tests */ = {
			isa = PBXNativeTarget;
			buildConfigurationList = 52C73E082A8CF34C00C69333 /* Build configuration list for PBXNativeTarget "TTT2Tests" */;
			buildPhases = (
				52C73DED2A8CF34C00C69333 /* Sources */,
				52C73DEE2A8CF34C00C69333 /* Frameworks */,
				52C73DEF2A8CF34C00C69333 /* Resources */,
			);
			buildRules = (
			);
			dependencies = (
				52C73DF32A8CF34C00C69333 /* PBXTargetDependency */,
			);
			name = TTT2Tests;
			packageProductDependencies = (
				528AADD22A9976FB005D1D3E /* FirebaseFirestoreSwift */,
			);
			productName = TTT2Tests;
			productReference = 52C73DF12A8CF34C00C69333 /* TTT2Tests.xctest */;
			productType = "com.apple.product-type.bundle.unit-test";
		};
/* End PBXNativeTarget section */

/* Begin PBXProject section */
		52C73DD92A8CF34B00C69333 /* Project object */ = {
			isa = PBXProject;
			attributes = {
				BuildIndependentTargetsInParallel = 1;
				LastSwiftUpdateCheck = 1430;
				LastUpgradeCheck = 1430;
				TargetAttributes = {
					52C73DE02A8CF34B00C69333 = {
						CreatedOnToolsVersion = 14.3;
					};
					52C73DF02A8CF34C00C69333 = {
						CreatedOnToolsVersion = 14.3;
						TestTargetID = 52C73DE02A8CF34B00C69333;
					};
				};
			};
			buildConfigurationList = 52C73DDC2A8CF34B00C69333 /* Build configuration list for PBXProject "TTT2" */;
			compatibilityVersion = "Xcode 14.0";
			developmentRegion = en;
			hasScannedForEncodings = 0;
			knownRegions = (
				en,
				Base,
			);
			mainGroup = 52C73DD82A8CF34B00C69333;
			packageReferences = (
				523D83132A918AAB00C05926 /* XCRemoteSwiftPackageReference "firebase-ios-sdk" */,
				52A399402A922666006ACE63 /* XCRemoteSwiftPackageReference "Factory" */,
			);
			productRefGroup = 52C73DE22A8CF34B00C69333 /* Products */;
			projectDirPath = "";
			projectRoot = "";
			targets = (
				52C73DE02A8CF34B00C69333 /* TTT2 */,
				52C73DF02A8CF34C00C69333 /* TTT2Tests */,
			);
		};
/* End PBXProject section */

/* Begin PBXResourcesBuildPhase section */
		52C73DDF2A8CF34B00C69333 /* Resources */ = {
			isa = PBXResourcesBuildPhase;
			buildActionMask = 2147483647;
			files = (
				523D83122A91891A00C05926 /* GoogleService-Info.plist in Resources */,
				52C73DEC2A8CF34C00C69333 /* Preview Assets.xcassets in Resources */,
				52C73DE92A8CF34C00C69333 /* Assets.xcassets in Resources */,
			);
			runOnlyForDeploymentPostprocessing = 0;
		};
		52C73DEF2A8CF34C00C69333 /* Resources */ = {
			isa = PBXResourcesBuildPhase;
			buildActionMask = 2147483647;
			files = (
			);
			runOnlyForDeploymentPostprocessing = 0;
		};
/* End PBXResourcesBuildPhase section */

/* Begin PBXSourcesBuildPhase section */
		52C73DDD2A8CF34B00C69333 /* Sources */ = {
			isa = PBXSourcesBuildPhase;
			buildActionMask = 2147483647;
			files = (
				523D830A2A90F47000C05926 /* AlertItem.swift in Sources */,
				52C73DE72A8CF34B00C69333 /* HomeView.swift in Sources */,
				52C73E112A8CF8CC00C69333 /* WideButton.swift in Sources */,
				523D83102A9187D900C05926 /* GameOnline.swift in Sources */,
				523D831D2A9194C900C05926 /* AppError.swift in Sources */,
				523D83192A918BA400C05926 /* FirebaseCollectionRef.swift in Sources */,
				52A9E4302A8EE2FF00414E8D /* GameMove.swift in Sources */,
				52C73E1D2A8D020500C69333 /* GameMode.swift in Sources */,
				523D831F2A91964400C05926 /* OnlineGameRepository.swift in Sources */,
				52A9E42C2A8ED51C00414E8D /* BoardIndicatorView.swift in Sources */,
				523D831B2A918CAE00C05926 /* FirebaseRepository.swift in Sources */,
				52C73DE52A8CF34B00C69333 /* TTT2App.swift in Sources */,
				52A399462A925F17006ACE63 /* GameOnlineProcess.swift in Sources */,
				52C73E142A8CFB4300C69333 /* Image+Extension.swift in Sources */,
				52C73E1A2A8D01CE00C69333 /* GameView.swift in Sources */,
				52A399442A9226D0006ACE63 /* ServiceDependencies.swift in Sources */,
				523D830C2A90F5A700C05926 /* GameState.swift in Sources */,
				52A9E42E2A8EDA6C00414E8D /* Player.swift in Sources */,
				528AADD52A99861A005D1D3E /* MockFirebaseRepository.swift in Sources */,
				52C73E242A8D296D00C69333 /* GameViewModel.swift in Sources */,
			);
			runOnlyForDeploymentPostprocessing = 0;
		};
		52C73DED2A8CF34C00C69333 /* Sources */ = {
			isa = PBXSourcesBuildPhase;
			buildActionMask = 2147483647;
			files = (
				528AADD92A998865005D1D3E /* OnlineGameTests.swift in Sources */,
				528AADD72A9987DA005D1D3E /* FactorySetup.swift in Sources */,
				52C73DF62A8CF34C00C69333 /* GameViewModelTests.swift in Sources */,
			);
			runOnlyForDeploymentPostprocessing = 0;
		};
/* End PBXSourcesBuildPhase section */

/* Begin PBXTargetDependency section */
		52C73DF32A8CF34C00C69333 /* PBXTargetDependency */ = {
			isa = PBXTargetDependency;
			target = 52C73DE02A8CF34B00C69333 /* TTT2 */;
			targetProxy = 52C73DF22A8CF34C00C69333 /* PBXContainerItemProxy */;
		};
/* End PBXTargetDependency section */

/* Begin XCBuildConfiguration section */
		52C73E032A8CF34C00C69333 /* Debug */ = {
			isa = XCBuildConfiguration;
			buildSettings = {
				ALWAYS_SEARCH_USER_PATHS = NO;
				CLANG_ANALYZER_NONNULL = YES;
				CLANG_ANALYZER_NUMBER_OBJECT_CONVERSION = YES_AGGRESSIVE;
				CLANG_CXX_LANGUAGE_STANDARD = "gnu++20";
				CLANG_ENABLE_MODULES = YES;
				CLANG_ENABLE_OBJC_ARC = YES;
				CLANG_ENABLE_OBJC_WEAK = YES;
				CLANG_WARN_BLOCK_CAPTURE_AUTORELEASING = YES;
				CLANG_WARN_BOOL_CONVERSION = YES;
				CLANG_WARN_COMMA = YES;
				CLANG_WARN_CONSTANT_CONVERSION = YES;
				CLANG_WARN_DEPRECATED_OBJC_IMPLEMENTATIONS = YES;
				CLANG_WARN_DIRECT_OBJC_ISA_USAGE = YES_ERROR;
				CLANG_WARN_DOCUMENTATION_COMMENTS = YES;
				CLANG_WARN_EMPTY_BODY = YES;
				CLANG_WARN_ENUM_CONVERSION = YES;
				CLANG_WARN_INFINITE_RECURSION = YES;
				CLANG_WARN_INT_CONVERSION = YES;
				CLANG_WARN_NON_LITERAL_NULL_CONVERSION = YES;
				CLANG_WARN_OBJC_IMPLICIT_RETAIN_SELF = YES;
				CLANG_WARN_OBJC_LITERAL_CONVERSION = YES;
				CLANG_WARN_OBJC_ROOT_CLASS = YES_ERROR;
				CLANG_WARN_QUOTED_INCLUDE_IN_FRAMEWORK_HEADER = YES;
				CLANG_WARN_RANGE_LOOP_ANALYSIS = YES;
				CLANG_WARN_STRICT_PROTOTYPES = YES;
				CLANG_WARN_SUSPICIOUS_MOVE = YES;
				CLANG_WARN_UNGUARDED_AVAILABILITY = YES_AGGRESSIVE;
				CLANG_WARN_UNREACHABLE_CODE = YES;
				CLANG_WARN__DUPLICATE_METHOD_MATCH = YES;
				COPY_PHASE_STRIP = NO;
				DEBUG_INFORMATION_FORMAT = dwarf;
				ENABLE_STRICT_OBJC_MSGSEND = YES;
				ENABLE_TESTABILITY = YES;
				GCC_C_LANGUAGE_STANDARD = gnu11;
				GCC_DYNAMIC_NO_PIC = NO;
				GCC_NO_COMMON_BLOCKS = YES;
				GCC_OPTIMIZATION_LEVEL = 0;
				GCC_PREPROCESSOR_DEFINITIONS = (
					"DEBUG=1",
					"$(inherited)",
				);
				GCC_WARN_64_TO_32_BIT_CONVERSION = YES;
				GCC_WARN_ABOUT_RETURN_TYPE = YES_ERROR;
				GCC_WARN_UNDECLARED_SELECTOR = YES;
				GCC_WARN_UNINITIALIZED_AUTOS = YES_AGGRESSIVE;
				GCC_WARN_UNUSED_FUNCTION = YES;
				GCC_WARN_UNUSED_VARIABLE = YES;
				IPHONEOS_DEPLOYMENT_TARGET = 16.4;
				MTL_ENABLE_DEBUG_INFO = INCLUDE_SOURCE;
				MTL_FAST_MATH = YES;
				ONLY_ACTIVE_ARCH = YES;
				SDKROOT = iphoneos;
				SWIFT_ACTIVE_COMPILATION_CONDITIONS = DEBUG;
				SWIFT_OPTIMIZATION_LEVEL = "-Onone";
			};
			name = Debug;
		};
		52C73E042A8CF34C00C69333 /* Release */ = {
			isa = XCBuildConfiguration;
			buildSettings = {
				ALWAYS_SEARCH_USER_PATHS = NO;
				CLANG_ANALYZER_NONNULL = YES;
				CLANG_ANALYZER_NUMBER_OBJECT_CONVERSION = YES_AGGRESSIVE;
				CLANG_CXX_LANGUAGE_STANDARD = "gnu++20";
				CLANG_ENABLE_MODULES = YES;
				CLANG_ENABLE_OBJC_ARC = YES;
				CLANG_ENABLE_OBJC_WEAK = YES;
				CLANG_WARN_BLOCK_CAPTURE_AUTORELEASING = YES;
				CLANG_WARN_BOOL_CONVERSION = YES;
				CLANG_WARN_COMMA = YES;
				CLANG_WARN_CONSTANT_CONVERSION = YES;
				CLANG_WARN_DEPRECATED_OBJC_IMPLEMENTATIONS = YES;
				CLANG_WARN_DIRECT_OBJC_ISA_USAGE = YES_ERROR;
				CLANG_WARN_DOCUMENTATION_COMMENTS = YES;
				CLANG_WARN_EMPTY_BODY = YES;
				CLANG_WARN_ENUM_CONVERSION = YES;
				CLANG_WARN_INFINITE_RECURSION = YES;
				CLANG_WARN_INT_CONVERSION = YES;
				CLANG_WARN_NON_LITERAL_NULL_CONVERSION = YES;
				CLANG_WARN_OBJC_IMPLICIT_RETAIN_SELF = YES;
				CLANG_WARN_OBJC_LITERAL_CONVERSION = YES;
				CLANG_WARN_OBJC_ROOT_CLASS = YES_ERROR;
				CLANG_WARN_QUOTED_INCLUDE_IN_FRAMEWORK_HEADER = YES;
				CLANG_WARN_RANGE_LOOP_ANALYSIS = YES;
				CLANG_WARN_STRICT_PROTOTYPES = YES;
				CLANG_WARN_SUSPICIOUS_MOVE = YES;
				CLANG_WARN_UNGUARDED_AVAILABILITY = YES_AGGRESSIVE;
				CLANG_WARN_UNREACHABLE_CODE = YES;
				CLANG_WARN__DUPLICATE_METHOD_MATCH = YES;
				COPY_PHASE_STRIP = NO;
				DEBUG_INFORMATION_FORMAT = "dwarf-with-dsym";
				ENABLE_NS_ASSERTIONS = NO;
				ENABLE_STRICT_OBJC_MSGSEND = YES;
				GCC_C_LANGUAGE_STANDARD = gnu11;
				GCC_NO_COMMON_BLOCKS = YES;
				GCC_WARN_64_TO_32_BIT_CONVERSION = YES;
				GCC_WARN_ABOUT_RETURN_TYPE = YES_ERROR;
				GCC_WARN_UNDECLARED_SELECTOR = YES;
				GCC_WARN_UNINITIALIZED_AUTOS = YES_AGGRESSIVE;
				GCC_WARN_UNUSED_FUNCTION = YES;
				GCC_WARN_UNUSED_VARIABLE = YES;
				IPHONEOS_DEPLOYMENT_TARGET = 16.4;
				MTL_ENABLE_DEBUG_INFO = NO;
				MTL_FAST_MATH = YES;
				SDKROOT = iphoneos;
				SWIFT_COMPILATION_MODE = wholemodule;
				SWIFT_OPTIMIZATION_LEVEL = "-O";
				VALIDATE_PRODUCT = YES;
			};
			name = Release;
		};
		52C73E062A8CF34C00C69333 /* Debug */ = {
			isa = XCBuildConfiguration;
			buildSettings = {
				ASSETCATALOG_COMPILER_APPICON_NAME = AppIcon;
				ASSETCATALOG_COMPILER_GLOBAL_ACCENT_COLOR_NAME = AccentColor;
				CODE_SIGN_STYLE = Automatic;
				CURRENT_PROJECT_VERSION = 1;
				DEVELOPMENT_ASSET_PATHS = "\"TTT2/Preview Content\"";
				DEVELOPMENT_TEAM = QZ46JW4C9U;
				ENABLE_PREVIEWS = YES;
				GENERATE_INFOPLIST_FILE = YES;
				INFOPLIST_KEY_LSApplicationCategoryType = "public.app-category.games";
				INFOPLIST_KEY_UIApplicationSceneManifest_Generation = YES;
				INFOPLIST_KEY_UIApplicationSupportsIndirectInputEvents = YES;
				INFOPLIST_KEY_UILaunchScreen_Generation = YES;
				INFOPLIST_KEY_UIRequiresFullScreen = YES;
				INFOPLIST_KEY_UISupportedInterfaceOrientations = UIInterfaceOrientationPortrait;
				INFOPLIST_KEY_UISupportedInterfaceOrientations_iPad = "UIInterfaceOrientationPortrait UIInterfaceOrientationPortraitUpsideDown";
				LD_RUNPATH_SEARCH_PATHS = (
					"$(inherited)",
					"@executable_path/Frameworks",
				);
				MARKETING_VERSION = 1.0;
				PRODUCT_BUNDLE_IDENTIFIER = top.maciejcan.TTT2;
				PRODUCT_NAME = "$(TARGET_NAME)";
				SWIFT_EMIT_LOC_STRINGS = YES;
				SWIFT_VERSION = 5.0;
				TARGETED_DEVICE_FAMILY = "1,2";
			};
			name = Debug;
		};
		52C73E072A8CF34C00C69333 /* Release */ = {
			isa = XCBuildConfiguration;
			buildSettings = {
				ASSETCATALOG_COMPILER_APPICON_NAME = AppIcon;
				ASSETCATALOG_COMPILER_GLOBAL_ACCENT_COLOR_NAME = AccentColor;
				CODE_SIGN_STYLE = Automatic;
				CURRENT_PROJECT_VERSION = 1;
				DEVELOPMENT_ASSET_PATHS = "\"TTT2/Preview Content\"";
				DEVELOPMENT_TEAM = QZ46JW4C9U;
				ENABLE_PREVIEWS = YES;
				GENERATE_INFOPLIST_FILE = YES;
				INFOPLIST_KEY_LSApplicationCategoryType = "public.app-category.games";
				INFOPLIST_KEY_UIApplicationSceneManifest_Generation = YES;
				INFOPLIST_KEY_UIApplicationSupportsIndirectInputEvents = YES;
				INFOPLIST_KEY_UILaunchScreen_Generation = YES;
				INFOPLIST_KEY_UIRequiresFullScreen = YES;
				INFOPLIST_KEY_UISupportedInterfaceOrientations = UIInterfaceOrientationPortrait;
				INFOPLIST_KEY_UISupportedInterfaceOrientations_iPad = "UIInterfaceOrientationPortrait UIInterfaceOrientationPortraitUpsideDown";
				LD_RUNPATH_SEARCH_PATHS = (
					"$(inherited)",
					"@executable_path/Frameworks",
				);
				MARKETING_VERSION = 1.0;
				PRODUCT_BUNDLE_IDENTIFIER = top.maciejcan.TTT2;
				PRODUCT_NAME = "$(TARGET_NAME)";
				SWIFT_EMIT_LOC_STRINGS = YES;
				SWIFT_VERSION = 5.0;
				TARGETED_DEVICE_FAMILY = "1,2";
			};
			name = Release;
		};
		52C73E092A8CF34C00C69333 /* Debug */ = {
			isa = XCBuildConfiguration;
			buildSettings = {
				ALWAYS_EMBED_SWIFT_STANDARD_LIBRARIES = YES;
				BUNDLE_LOADER = "$(TEST_HOST)";
				CODE_SIGN_STYLE = Automatic;
				CURRENT_PROJECT_VERSION = 1;
				DEVELOPMENT_TEAM = QZ46JW4C9U;
				GENERATE_INFOPLIST_FILE = YES;
				IPHONEOS_DEPLOYMENT_TARGET = 16.4;
				MARKETING_VERSION = 1.0;
				PRODUCT_BUNDLE_IDENTIFIER = top.maciejcan.TTT2Tests;
				PRODUCT_NAME = "$(TARGET_NAME)";
				SWIFT_EMIT_LOC_STRINGS = NO;
				SWIFT_VERSION = 5.0;
				TARGETED_DEVICE_FAMILY = "1,2";
				TEST_HOST = "$(BUILT_PRODUCTS_DIR)/TTT2.app/$(BUNDLE_EXECUTABLE_FOLDER_PATH)/TTT2";
			};
			name = Debug;
		};
		52C73E0A2A8CF34C00C69333 /* Release */ = {
			isa = XCBuildConfiguration;
			buildSettings = {
				ALWAYS_EMBED_SWIFT_STANDARD_LIBRARIES = YES;
				BUNDLE_LOADER = "$(TEST_HOST)";
				CODE_SIGN_STYLE = Automatic;
				CURRENT_PROJECT_VERSION = 1;
				DEVELOPMENT_TEAM = QZ46JW4C9U;
				GENERATE_INFOPLIST_FILE = YES;
				IPHONEOS_DEPLOYMENT_TARGET = 16.4;
				MARKETING_VERSION = 1.0;
				PRODUCT_BUNDLE_IDENTIFIER = top.maciejcan.TTT2Tests;
				PRODUCT_NAME = "$(TARGET_NAME)";
				SWIFT_EMIT_LOC_STRINGS = NO;
				SWIFT_VERSION = 5.0;
				TARGETED_DEVICE_FAMILY = "1,2";
				TEST_HOST = "$(BUILT_PRODUCTS_DIR)/TTT2.app/$(BUNDLE_EXECUTABLE_FOLDER_PATH)/TTT2";
			};
			name = Release;
		};
/* End XCBuildConfiguration section */

/* Begin XCConfigurationList section */
		52C73DDC2A8CF34B00C69333 /* Build configuration list for PBXProject "TTT2" */ = {
			isa = XCConfigurationList;
			buildConfigurations = (
				52C73E032A8CF34C00C69333 /* Debug */,
				52C73E042A8CF34C00C69333 /* Release */,
			);
			defaultConfigurationIsVisible = 0;
			defaultConfigurationName = Release;
		};
		52C73E052A8CF34C00C69333 /* Build configuration list for PBXNativeTarget "TTT2" */ = {
			isa = XCConfigurationList;
			buildConfigurations = (
				52C73E062A8CF34C00C69333 /* Debug */,
				52C73E072A8CF34C00C69333 /* Release */,
			);
			defaultConfigurationIsVisible = 0;
			defaultConfigurationName = Release;
		};
		52C73E082A8CF34C00C69333 /* Build configuration list for PBXNativeTarget "TTT2Tests" */ = {
			isa = XCConfigurationList;
			buildConfigurations = (
				52C73E092A8CF34C00C69333 /* Debug */,
				52C73E0A2A8CF34C00C69333 /* Release */,
			);
			defaultConfigurationIsVisible = 0;
			defaultConfigurationName = Release;
		};
/* End XCConfigurationList section */

/* Begin XCRemoteSwiftPackageReference section */
		523D83132A918AAB00C05926 /* XCRemoteSwiftPackageReference "firebase-ios-sdk" */ = {
			isa = XCRemoteSwiftPackageReference;
			repositoryURL = "https://github.com/firebase/firebase-ios-sdk";
			requirement = {
				branch = master;
				kind = branch;
			};
		};
		52A399402A922666006ACE63 /* XCRemoteSwiftPackageReference "Factory" */ = {
			isa = XCRemoteSwiftPackageReference;
			repositoryURL = "https://github.com/hmlongco/Factory";
			requirement = {
				branch = main;
				kind = branch;
			};
		};
/* End XCRemoteSwiftPackageReference section */

/* Begin XCSwiftPackageProductDependency section */
		523D83142A918AAB00C05926 /* FirebaseFirestore */ = {
			isa = XCSwiftPackageProductDependency;
			package = 523D83132A918AAB00C05926 /* XCRemoteSwiftPackageReference "firebase-ios-sdk" */;
			productName = FirebaseFirestore;
		};
		523D83162A918AAB00C05926 /* FirebaseFirestoreSwift */ = {
			isa = XCSwiftPackageProductDependency;
			package = 523D83132A918AAB00C05926 /* XCRemoteSwiftPackageReference "firebase-ios-sdk" */;
			productName = FirebaseFirestoreSwift;
		};
		528AADD22A9976FB005D1D3E /* FirebaseFirestoreSwift */ = {
			isa = XCSwiftPackageProductDependency;
			package = 523D83132A918AAB00C05926 /* XCRemoteSwiftPackageReference "firebase-ios-sdk" */;
			productName = FirebaseFirestoreSwift;
		};
		52A399412A922666006ACE63 /* Factory */ = {
			isa = XCSwiftPackageProductDependency;
			package = 52A399402A922666006ACE63 /* XCRemoteSwiftPackageReference "Factory" */;
			productName = Factory;
		};
/* End XCSwiftPackageProductDependency section */
	};
	rootObject = 52C73DD92A8CF34B00C69333 /* Project object */;
}
